
Microsoft Visual Studio Solution File, Format Version 12.00
# Visual Studio Version 17
VisualStudioVersion = 17.5.33424.131
MinimumVisualStudioVersion = 10.0.40219.1
Project("{2150E333-8FDC-42A3-9474-1A3956D46DE8}") = "0-Commons", "0-Commons", "{F334BE85-0B6C-4764-8506-7BDBFFD9EC8B}"
EndProject
Project("{9A19103F-16F7-4668-BE54-9A1E7A4F7556}") = "HR.Common.DbContexts", "0-Commons\HR.Common.DbContexts\HR.Common.DbContexts.csproj", "{E05A4A4A-923E-4165-A154-CA31D456CBAA}"
EndProject
Project("{9A19103F-16F7-4668-BE54-9A1E7A4F7556}") = "HR.Common.Models", "0-Commons\HR.Common.Models\HR.Common.Models.csproj", "{F7DCD2C6-BEE7-44B4-B330-5945A10EB7D1}"
EndProject
Project("{9A19103F-16F7-4668-BE54-9A1E7A4F7556}") = "HR.Common.DALs", "0-Commons\HR.Common.DALs\HR.Common.DALs.csproj", "{49678654-8981-4568-8C61-0119ADA4AC2E}"
EndProject
Project("{9A19103F-16F7-4668-BE54-9A1E7A4F7556}") = "HR.Common.DTOs", "0-Commons\HR.Common.DTOs\HR.Common.DTOs.csproj", "{7CBD46E0-0D53-4132-BF2F-50014214561B}"
EndProject
Project("{9A19103F-16F7-4668-BE54-9A1E7A4F7556}") = "HR.Common.Libs", "0-Commons\HR.Common.Libs\HR.Common.Libs.csproj", "{F76F4C2B-A700-4C5B-985B-2003AA1AF24D}"
EndProject
Project("{9A19103F-16F7-4668-BE54-9A1E7A4F7556}") = "HRTimeAttendance.Services", "1-Apis\TimeAttendances\HRTimeAttendance.Services\HRTimeAttendance.Services.csproj", "{5CDF6EE0-E94E-4A55-A393-632561F83E27}"
EndProject
Project("{9A19103F-16F7-4668-BE54-9A1E7A4F7556}") = "HRTimeAttendance.CQRS", "1-Apis\TimeAttendances\HRTimeAttendance.CQRS\HRTimeAttendance.CQRS.csproj", "{D493D00F-317B-4614-A24E-0C1E8A846BFE}"
EndProject
Project("{9A19103F-16F7-4668-BE54-9A1E7A4F7556}") = "HRTimeAttendance.DTOs", "1-Apis\TimeAttendances\HRTimeAttendance.DTOs\HRTimeAttendance.DTOs.csproj", "{CEFC6B17-A1FF-4477-B681-2B4A214777FF}"
EndProject
Project("{2150E333-8FDC-42A3-9474-1A3956D46DE8}") = "TimeAttendances", "TimeAttendances", "{0169D5FF-1DF9-4951-BD28-D1C37C076751}"
EndProject
Project("{2150E333-8FDC-42A3-9474-1A3956D46DE8}") = "Identities", "Identities", "{CE90F3B5-4886-428C-B2F2-13E50C7F0E52}"
EndProject
Project("{9A19103F-16F7-4668-BE54-9A1E7A4F7556}") = "Identities.Services", "1-Apis\Identities\Identities.Services\Identities.Services.csproj", "{56BD0533-F460-48CD-9C9D-42CDC8CCE52B}"
EndProject
Project("{9A19103F-16F7-4668-BE54-9A1E7A4F7556}") = "Identities.DTOs", "1-Apis\Identities\Identities.DTOs\Identities.DTOs.csproj", "{D20FAD61-E5C9-44A9-9C6B-659118B14A23}"
EndProject
Project("{9A19103F-16F7-4668-BE54-9A1E7A4F7556}") = "Identities.CQRS", "1-Apis\Identities\Identities.CQRS\Identities.CQRS.csproj", "{02B66829-7967-413E-A8CA-FA70D4D1E637}"
EndProject
Project("{9A19103F-16F7-4668-BE54-9A1E7A4F7556}") = "Identities.Api", "1-Apis\Identities\Identities.Api\Identities.Api.csproj", "{A14830B8-9830-4DC9-B583-10DB50E23ACD}"
EndProject
Project("{9A19103F-16F7-4668-BE54-9A1E7A4F7556}") = "HR.Common.Results", "0-Commons\HR.Common.Results\HR.Common.Results.csproj", "{85C7D841-3DEC-464C-BEC7-2B48015245BE}"
EndProject
Project("{9A19103F-16F7-4668-BE54-9A1E7A4F7556}") = "HR.Common.Services", "0-Commons\HR.Common.Services\HR.Common.Services.csproj", "{65794ECB-B92F-41BB-94E5-08CCC1856791}"
EndProject
Project("{9A19103F-16F7-4668-BE54-9A1E7A4F7556}") = "HR.Common.Configurations", "0-Commons\HR.Common.Configurations\HR.Common.Configurations.csproj", "{E4D32F36-7652-40C2-A0F3-2F0603B2F497}"
EndProject
Project("{9A19103F-16F7-4668-BE54-9A1E7A4F7556}") = "HR.Common.Identities", "0-Commons\HR.Common.Identities\HR.Common.Identities.csproj", "{5578FCCA-E54F-4A00-8945-67EE69905268}"
EndProject
Project("{9A19103F-16F7-4668-BE54-9A1E7A4F7556}") = "HR.Common.Attributes", "0-Commons\HR.Common.Attributes\HR.Common.Attributes.csproj", "{684E3EA1-D3E9-4361-834F-FAFD60831D12}"
EndProject
Project("{2150E333-8FDC-42A3-9474-1A3956D46DE8}") = "1-Apis", "1-Apis", "{2378304F-E35D-4C80-A393-A5EE7A618A71}"
EndProject
Project("{9A19103F-16F7-4668-BE54-9A1E7A4F7556}") = "HR.Common.EFCores", "0-Commons\HR.Common.EFCores\HR.Common.EFCores.csproj", "{B3C1140E-44A9-438F-8D15-CE7DB6984EB2}"
EndProject
Project("{9A19103F-16F7-4668-BE54-9A1E7A4F7556}") = "HR.Common.DependencyInjections", "0-Commons\HR.Common.DependencyInjections\HR.Common.DependencyInjections.csproj", "{9D1901F6-909A-4298-A63D-98B2076BF9CE}"
EndProject
Project("{9A19103F-16F7-4668-BE54-9A1E7A4F7556}") = "HRTimeAttendance.Api", "1-Apis\TimeAttendances\HRTimeAttendance.Api\HRTimeAttendance.Api.csproj", "{FF5ACB5D-B6B5-4BE1-B713-6D77A4552561}"
EndProject
Project("{9A19103F-16F7-4668-BE54-9A1E7A4F7556}") = "HR.Common.Enums", "0-Commons\HR.Common.Enums\HR.Common.Enums.csproj", "{06C60868-D275-4958-B135-A43F152A8288}"
EndProject
Project("{2150E333-8FDC-42A3-9474-1A3956D46DE8}") = "Solution Items", "Solution Items", "{F27412FA-D2D8-4045-8596-CE2BB12D5B9E}"
	ProjectSection(SolutionItems) = preProject
		..\docker-compose.yml = ..\docker-compose.yml
	EndProjectSection
EndProject
Project("{FAE04EC0-301F-11D3-BF4B-00C04F79EFBC}") = "HR.Common.Constants", "0-Commons\HR.Common.Constants\HR.Common.Constants.csproj", "{C32372F9-960B-4275-95D6-F29A5EFAF428}"
EndProject
Global
	GlobalSection(SolutionConfigurationPlatforms) = preSolution
		Debug|Any CPU = Debug|Any CPU
		Release|Any CPU = Release|Any CPU
	EndGlobalSection
	GlobalSection(ProjectConfigurationPlatforms) = postSolution
		{E05A4A4A-923E-4165-A154-CA31D456CBAA}.Debug|Any CPU.ActiveCfg = Debug|Any CPU
		{E05A4A4A-923E-4165-A154-CA31D456CBAA}.Debug|Any CPU.Build.0 = Debug|Any CPU
		{E05A4A4A-923E-4165-A154-CA31D456CBAA}.Release|Any CPU.ActiveCfg = Release|Any CPU
		{E05A4A4A-923E-4165-A154-CA31D456CBAA}.Release|Any CPU.Build.0 = Release|Any CPU
		{F7DCD2C6-BEE7-44B4-B330-5945A10EB7D1}.Debug|Any CPU.ActiveCfg = Debug|Any CPU
		{F7DCD2C6-BEE7-44B4-B330-5945A10EB7D1}.Debug|Any CPU.Build.0 = Debug|Any CPU
		{F7DCD2C6-BEE7-44B4-B330-5945A10EB7D1}.Release|Any CPU.ActiveCfg = Release|Any CPU
		{F7DCD2C6-BEE7-44B4-B330-5945A10EB7D1}.Release|Any CPU.Build.0 = Release|Any CPU
		{49678654-8981-4568-8C61-0119ADA4AC2E}.Debug|Any CPU.ActiveCfg = Debug|Any CPU
		{49678654-8981-4568-8C61-0119ADA4AC2E}.Debug|Any CPU.Build.0 = Debug|Any CPU
		{49678654-8981-4568-8C61-0119ADA4AC2E}.Release|Any CPU.ActiveCfg = Release|Any CPU
		{49678654-8981-4568-8C61-0119ADA4AC2E}.Release|Any CPU.Build.0 = Release|Any CPU
		{7CBD46E0-0D53-4132-BF2F-50014214561B}.Debug|Any CPU.ActiveCfg = Debug|Any CPU
		{7CBD46E0-0D53-4132-BF2F-50014214561B}.Debug|Any CPU.Build.0 = Debug|Any CPU
		{7CBD46E0-0D53-4132-BF2F-50014214561B}.Release|Any CPU.ActiveCfg = Release|Any CPU
		{7CBD46E0-0D53-4132-BF2F-50014214561B}.Release|Any CPU.Build.0 = Release|Any CPU
		{F76F4C2B-A700-4C5B-985B-2003AA1AF24D}.Debug|Any CPU.ActiveCfg = Debug|Any CPU
		{F76F4C2B-A700-4C5B-985B-2003AA1AF24D}.Debug|Any CPU.Build.0 = Debug|Any CPU
		{F76F4C2B-A700-4C5B-985B-2003AA1AF24D}.Release|Any CPU.ActiveCfg = Release|Any CPU
		{F76F4C2B-A700-4C5B-985B-2003AA1AF24D}.Release|Any CPU.Build.0 = Release|Any CPU
		{5CDF6EE0-E94E-4A55-A393-632561F83E27}.Debug|Any CPU.ActiveCfg = Debug|Any CPU
		{5CDF6EE0-E94E-4A55-A393-632561F83E27}.Debug|Any CPU.Build.0 = Debug|Any CPU
		{5CDF6EE0-E94E-4A55-A393-632561F83E27}.Release|Any CPU.ActiveCfg = Release|Any CPU
		{5CDF6EE0-E94E-4A55-A393-632561F83E27}.Release|Any CPU.Build.0 = Release|Any CPU
		{D493D00F-317B-4614-A24E-0C1E8A846BFE}.Debug|Any CPU.ActiveCfg = Debug|Any CPU
		{D493D00F-317B-4614-A24E-0C1E8A846BFE}.Debug|Any CPU.Build.0 = Debug|Any CPU
		{D493D00F-317B-4614-A24E-0C1E8A846BFE}.Release|Any CPU.ActiveCfg = Release|Any CPU
		{D493D00F-317B-4614-A24E-0C1E8A846BFE}.Release|Any CPU.Build.0 = Release|Any CPU
		{CEFC6B17-A1FF-4477-B681-2B4A214777FF}.Debug|Any CPU.ActiveCfg = Debug|Any CPU
		{CEFC6B17-A1FF-4477-B681-2B4A214777FF}.Debug|Any CPU.Build.0 = Debug|Any CPU
		{CEFC6B17-A1FF-4477-B681-2B4A214777FF}.Release|Any CPU.ActiveCfg = Release|Any CPU
		{CEFC6B17-A1FF-4477-B681-2B4A214777FF}.Release|Any CPU.Build.0 = Release|Any CPU
		{56BD0533-F460-48CD-9C9D-42CDC8CCE52B}.Debug|Any CPU.ActiveCfg = Debug|Any CPU
		{56BD0533-F460-48CD-9C9D-42CDC8CCE52B}.Debug|Any CPU.Build.0 = Debug|Any CPU
		{56BD0533-F460-48CD-9C9D-42CDC8CCE52B}.Release|Any CPU.ActiveCfg = Release|Any CPU
		{56BD0533-F460-48CD-9C9D-42CDC8CCE52B}.Release|Any CPU.Build.0 = Release|Any CPU
		{D20FAD61-E5C9-44A9-9C6B-659118B14A23}.Debug|Any CPU.ActiveCfg = Debug|Any CPU
		{D20FAD61-E5C9-44A9-9C6B-659118B14A23}.Debug|Any CPU.Build.0 = Debug|Any CPU
		{D20FAD61-E5C9-44A9-9C6B-659118B14A23}.Release|Any CPU.ActiveCfg = Release|Any CPU
		{D20FAD61-E5C9-44A9-9C6B-659118B14A23}.Release|Any CPU.Build.0 = Release|Any CPU
		{02B66829-7967-413E-A8CA-FA70D4D1E637}.Debug|Any CPU.ActiveCfg = Debug|Any CPU
		{02B66829-7967-413E-A8CA-FA70D4D1E637}.Debug|Any CPU.Build.0 = Debug|Any CPU
		{02B66829-7967-413E-A8CA-FA70D4D1E637}.Release|Any CPU.ActiveCfg = Release|Any CPU
		{02B66829-7967-413E-A8CA-FA70D4D1E637}.Release|Any CPU.Build.0 = Release|Any CPU
		{A14830B8-9830-4DC9-B583-10DB50E23ACD}.Debug|Any CPU.ActiveCfg = Debug|Any CPU
		{A14830B8-9830-4DC9-B583-10DB50E23ACD}.Debug|Any CPU.Build.0 = Debug|Any CPU
		{A14830B8-9830-4DC9-B583-10DB50E23ACD}.Release|Any CPU.ActiveCfg = Release|Any CPU
		{A14830B8-9830-4DC9-B583-10DB50E23ACD}.Release|Any CPU.Build.0 = Release|Any CPU
		{85C7D841-3DEC-464C-BEC7-2B48015245BE}.Debug|Any CPU.ActiveCfg = Debug|Any CPU
		{85C7D841-3DEC-464C-BEC7-2B48015245BE}.Debug|Any CPU.Build.0 = Debug|Any CPU
		{85C7D841-3DEC-464C-BEC7-2B48015245BE}.Release|Any CPU.ActiveCfg = Release|Any CPU
		{85C7D841-3DEC-464C-BEC7-2B48015245BE}.Release|Any CPU.Build.0 = Release|Any CPU
		{65794ECB-B92F-41BB-94E5-08CCC1856791}.Debug|Any CPU.ActiveCfg = Debug|Any CPU
		{65794ECB-B92F-41BB-94E5-08CCC1856791}.Debug|Any CPU.Build.0 = Debug|Any CPU
		{65794ECB-B92F-41BB-94E5-08CCC1856791}.Release|Any CPU.ActiveCfg = Release|Any CPU
		{65794ECB-B92F-41BB-94E5-08CCC1856791}.Release|Any CPU.Build.0 = Release|Any CPU
		{E4D32F36-7652-40C2-A0F3-2F0603B2F497}.Debug|Any CPU.ActiveCfg = Debug|Any CPU
		{E4D32F36-7652-40C2-A0F3-2F0603B2F497}.Debug|Any CPU.Build.0 = Debug|Any CPU
		{E4D32F36-7652-40C2-A0F3-2F0603B2F497}.Release|Any CPU.ActiveCfg = Release|Any CPU
		{E4D32F36-7652-40C2-A0F3-2F0603B2F497}.Release|Any CPU.Build.0 = Release|Any CPU
		{5578FCCA-E54F-4A00-8945-67EE69905268}.Debug|Any CPU.ActiveCfg = Debug|Any CPU
		{5578FCCA-E54F-4A00-8945-67EE69905268}.Debug|Any CPU.Build.0 = Debug|Any CPU
		{5578FCCA-E54F-4A00-8945-67EE69905268}.Release|Any CPU.ActiveCfg = Release|Any CPU
		{5578FCCA-E54F-4A00-8945-67EE69905268}.Release|Any CPU.Build.0 = Release|Any CPU
		{684E3EA1-D3E9-4361-834F-FAFD60831D12}.Debug|Any CPU.ActiveCfg = Debug|Any CPU
		{684E3EA1-D3E9-4361-834F-FAFD60831D12}.Debug|Any CPU.Build.0 = Debug|Any CPU
		{684E3EA1-D3E9-4361-834F-FAFD60831D12}.Release|Any CPU.ActiveCfg = Release|Any CPU
		{684E3EA1-D3E9-4361-834F-FAFD60831D12}.Release|Any CPU.Build.0 = Release|Any CPU
		{B3C1140E-44A9-438F-8D15-CE7DB6984EB2}.Debug|Any CPU.ActiveCfg = Debug|Any CPU
		{B3C1140E-44A9-438F-8D15-CE7DB6984EB2}.Debug|Any CPU.Build.0 = Debug|Any CPU
		{B3C1140E-44A9-438F-8D15-CE7DB6984EB2}.Release|Any CPU.ActiveCfg = Release|Any CPU
		{B3C1140E-44A9-438F-8D15-CE7DB6984EB2}.Release|Any CPU.Build.0 = Release|Any CPU
		{9D1901F6-909A-4298-A63D-98B2076BF9CE}.Debug|Any CPU.ActiveCfg = Debug|Any CPU
		{9D1901F6-909A-4298-A63D-98B2076BF9CE}.Debug|Any CPU.Build.0 = Debug|Any CPU
		{9D1901F6-909A-4298-A63D-98B2076BF9CE}.Release|Any CPU.ActiveCfg = Release|Any CPU
		{9D1901F6-909A-4298-A63D-98B2076BF9CE}.Release|Any CPU.Build.0 = Release|Any CPU
		{FF5ACB5D-B6B5-4BE1-B713-6D77A4552561}.Debug|Any CPU.ActiveCfg = Debug|Any CPU
		{FF5ACB5D-B6B5-4BE1-B713-6D77A4552561}.Debug|Any CPU.Build.0 = Debug|Any CPU
		{FF5ACB5D-B6B5-4BE1-B713-6D77A4552561}.Release|Any CPU.ActiveCfg = Release|Any CPU
		{FF5ACB5D-B6B5-4BE1-B713-6D77A4552561}.Release|Any CPU.Build.0 = Release|Any CPU
		{06C60868-D275-4958-B135-A43F152A8288}.Debug|Any CPU.ActiveCfg = Debug|Any CPU
		{06C60868-D275-4958-B135-A43F152A8288}.Debug|Any CPU.Build.0 = Debug|Any CPU
		{06C60868-D275-4958-B135-A43F152A8288}.Release|Any CPU.ActiveCfg = Release|Any CPU
		{06C60868-D275-4958-B135-A43F152A8288}.Release|Any CPU.Build.0 = Release|Any CPU
		{C32372F9-960B-4275-95D6-F29A5EFAF428}.Debug|Any CPU.ActiveCfg = Debug|Any CPU
		{C32372F9-960B-4275-95D6-F29A5EFAF428}.Debug|Any CPU.Build.0 = Debug|Any CPU
		{C32372F9-960B-4275-95D6-F29A5EFAF428}.Release|Any CPU.ActiveCfg = Release|Any CPU
		{C32372F9-960B-4275-95D6-F29A5EFAF428}.Release|Any CPU.Build.0 = Release|Any CPU
	EndGlobalSection
	GlobalSection(SolutionProperties) = preSolution
		HideSolutionNode = FALSE
	EndGlobalSection
	GlobalSection(NestedProjects) = preSolution
		{E05A4A4A-923E-4165-A154-CA31D456CBAA} = {F334BE85-0B6C-4764-8506-7BDBFFD9EC8B}
		{F7DCD2C6-BEE7-44B4-B330-5945A10EB7D1} = {F334BE85-0B6C-4764-8506-7BDBFFD9EC8B}
		{49678654-8981-4568-8C61-0119ADA4AC2E} = {F334BE85-0B6C-4764-8506-7BDBFFD9EC8B}
		{7CBD46E0-0D53-4132-BF2F-50014214561B} = {F334BE85-0B6C-4764-8506-7BDBFFD9EC8B}
		{F76F4C2B-A700-4C5B-985B-2003AA1AF24D} = {F334BE85-0B6C-4764-8506-7BDBFFD9EC8B}
		{5CDF6EE0-E94E-4A55-A393-632561F83E27} = {0169D5FF-1DF9-4951-BD28-D1C37C076751}
		{D493D00F-317B-4614-A24E-0C1E8A846BFE} = {0169D5FF-1DF9-4951-BD28-D1C37C076751}
		{CEFC6B17-A1FF-4477-B681-2B4A214777FF} = {0169D5FF-1DF9-4951-BD28-D1C37C076751}
		{0169D5FF-1DF9-4951-BD28-D1C37C076751} = {2378304F-E35D-4C80-A393-A5EE7A618A71}
		{CE90F3B5-4886-428C-B2F2-13E50C7F0E52} = {2378304F-E35D-4C80-A393-A5EE7A618A71}
		{56BD0533-F460-48CD-9C9D-42CDC8CCE52B} = {CE90F3B5-4886-428C-B2F2-13E50C7F0E52}
		{D20FAD61-E5C9-44A9-9C6B-659118B14A23} = {CE90F3B5-4886-428C-B2F2-13E50C7F0E52}
		{02B66829-7967-413E-A8CA-FA70D4D1E637} = {CE90F3B5-4886-428C-B2F2-13E50C7F0E52}
		{A14830B8-9830-4DC9-B583-10DB50E23ACD} = {CE90F3B5-4886-428C-B2F2-13E50C7F0E52}
		{85C7D841-3DEC-464C-BEC7-2B48015245BE} = {F334BE85-0B6C-4764-8506-7BDBFFD9EC8B}
		{65794ECB-B92F-41BB-94E5-08CCC1856791} = {F334BE85-0B6C-4764-8506-7BDBFFD9EC8B}
		{E4D32F36-7652-40C2-A0F3-2F0603B2F497} = {F334BE85-0B6C-4764-8506-7BDBFFD9EC8B}
		{5578FCCA-E54F-4A00-8945-67EE69905268} = {F334BE85-0B6C-4764-8506-7BDBFFD9EC8B}
		{684E3EA1-D3E9-4361-834F-FAFD60831D12} = {F334BE85-0B6C-4764-8506-7BDBFFD9EC8B}
		{B3C1140E-44A9-438F-8D15-CE7DB6984EB2} = {F334BE85-0B6C-4764-8506-7BDBFFD9EC8B}
		{9D1901F6-909A-4298-A63D-98B2076BF9CE} = {F334BE85-0B6C-4764-8506-7BDBFFD9EC8B}
		{FF5ACB5D-B6B5-4BE1-B713-6D77A4552561} = {0169D5FF-1DF9-4951-BD28-D1C37C076751}
		{06C60868-D275-4958-B135-A43F152A8288} = {F334BE85-0B6C-4764-8506-7BDBFFD9EC8B}
		{C32372F9-960B-4275-95D6-F29A5EFAF428} = {F334BE85-0B6C-4764-8506-7BDBFFD9EC8B}
	EndGlobalSection
	GlobalSection(ExtensibilityGlobals) = postSolution
		SolutionGuid = {9DBA39F4-4E99-4DD5-BB74-9C389B23CC7D}
	EndGlobalSection
EndGlobal
